
Microsoft Visual Studio Solution File, Format Version 12.00
# Visual Studio 15
Project("{FAE04EC0-301F-11D3-BF4B-00C04F79EFBC}") = "Assembly-CSharp", "Assembly-CSharp.csproj", "{C8968D62-9443-D3D7-273A-F70700BFBF86}"
EndProject
Project("{FAE04EC0-301F-11D3-BF4B-00C04F79EFBC}") = "Assembly-CSharp-Editor", "Assembly-CSharp-Editor.csproj", "{6DFFE21F-5850-E700-8CD1-5C4E49655A0C}"
EndProject
Global
	GlobalSection(SolutionConfigurationPlatforms) = preSolution
		Debug|Any CPU = Debug|Any CPU
		Release|Any CPU = Release|Any CPU
	EndGlobalSection
	GlobalSection(ProjectConfigurationPlatforms) = postSolution
		{C8968D62-9443-D3D7-273A-F70700BFBF86}.Debug|Any CPU.ActiveCfg = Debug|Any CPU
		{C8968D62-9443-D3D7-273A-F70700BFBF86}.Debug|Any CPU.Build.0 = Debug|Any CPU
		{C8968D62-9443-D3D7-273A-F70700BFBF86}.Release|Any CPU.ActiveCfg = Release|Any CPU
		{C8968D62-9443-D3D7-273A-F70700BFBF86}.Release|Any CPU.Build.0 = Release|Any CPU
		{6DFFE21F-5850-E700-8CD1-5C4E49655A0C}.Debug|Any CPU.ActiveCfg = Debug|Any CPU
		{6DFFE21F-5850-E700-8CD1-5C4E49655A0C}.Debug|Any CPU.Build.0 = Debug|Any CPU
		{6DFFE21F-5850-E700-8CD1-5C4E49655A0C}.Release|Any CPU.ActiveCfg = Release|Any CPU
		{6DFFE21F-5850-E700-8CD1-5C4E49655A0C}.Release|Any CPU.Build.0 = Release|Any CPU
	EndGlobalSection
	GlobalSection(SolutionProperties) = preSolution
		HideSolutionNode = FALSE
	EndGlobalSection
EndGlobal
